
Microsoft Visual Studio Solution File, Format Version 12.00
# Visual Studio Version 16
VisualStudioVersion = 16.0.31605.320
MinimumVisualStudioVersion = 10.0.40219.1
Project("{FAE04EC0-301F-11D3-BF4B-00C04F79EFBC}") = "projeto_estoque_drogavida", "projeto_estoque_drogavida\projeto_estoque_drogavida.csproj", "{8CF213EA-C45E-4A62-9D6A-EB6C8316BBFA}"
EndProject
Global
	GlobalSection(SolutionConfigurationPlatforms) = preSolution
		Debug|Any CPU = Debug|Any CPU
		Release|Any CPU = Release|Any CPU
	EndGlobalSection
	GlobalSection(ProjectConfigurationPlatforms) = postSolution
		{8CF213EA-C45E-4A62-9D6A-EB6C8316BBFA}.Debug|Any CPU.ActiveCfg = Debug|Any CPU
		{8CF213EA-C45E-4A62-9D6A-EB6C8316BBFA}.Debug|Any CPU.Build.0 = Debug|Any CPU
		{8CF213EA-C45E-4A62-9D6A-EB6C8316BBFA}.Release|Any CPU.ActiveCfg = Release|Any CPU
		{8CF213EA-C45E-4A62-9D6A-EB6C8316BBFA}.Release|Any CPU.Build.0 = Release|Any CPU
	EndGlobalSection
	GlobalSection(SolutionProperties) = preSolution
		HideSolutionNode = FALSE
	EndGlobalSection
	GlobalSection(ExtensibilityGlobals) = postSolution
		SolutionGuid = {5A24DFC5-F6D5-4DD3-AEE3-90537C6E366C}
	EndGlobalSection
EndGlobal
